# This file is automatically @generated by Cargo.
# It is not intended for manual editing.
version = 4

[[package]]
name = "nyugyoku-mini"
version = "0.1.0"
dependencies = [
 "shunsai",
]

[[package]]
name = "shogi_core"
version = "0.1.5"
source = "registry+https://github.com/rust-lang/crates.io-index"
checksum = "3d0a7de4ff7c66bf0b6346bda1d530c94a496f8aa3317938923886c58191aa14"

[[package]]
name = "shunsai"
version = "0.1.2"
source = "registry+https://github.com/rust-lang/crates.io-index"
checksum = "12363a4b0bbba61edb772a1716a69d2b3b1408c49bae8a831519dc8273c86969"
dependencies = [
 "shogi_core",
]
